// !$*UTF8*$!
{
	archiveVersion = 1;
	classes = {
	};
	objectVersion = 50;
	objects = {

/* Begin PBXBuildFile section */
		C2FCC287EACF7B896CFB4A84 /* Pods_Loft.framework in Frameworks */ = {isa = PBXBuildFile; fileRef = 23DA2CF7569DA08AF6039FA9 /* Pods_Loft.framework */; };
		D422C548216F705700BEBB33 /* AppDelegate.swift in Sources */ = {isa = PBXBuildFile; fileRef = D422C547216F705700BEBB33 /* AppDelegate.swift */; };
		D422C54A216F705700BEBB33 /* ViewController.swift in Sources */ = {isa = PBXBuildFile; fileRef = D422C549216F705700BEBB33 /* ViewController.swift */; };
		D422C54D216F705700BEBB33 /* Main.storyboard in Resources */ = {isa = PBXBuildFile; fileRef = D422C54B216F705700BEBB33 /* Main.storyboard */; };
		D422C54F216F705900BEBB33 /* Assets.xcassets in Resources */ = {isa = PBXBuildFile; fileRef = D422C54E216F705900BEBB33 /* Assets.xcassets */; };
		D422C552216F705900BEBB33 /* LaunchScreen.storyboard in Resources */ = {isa = PBXBuildFile; fileRef = D422C550216F705900BEBB33 /* LaunchScreen.storyboard */; };
		D422C55D216F705900BEBB33 /* LoftTests.swift in Sources */ = {isa = PBXBuildFile; fileRef = D422C55C216F705900BEBB33 /* LoftTests.swift */; };
		D422C568216F705900BEBB33 /* LoftUITests.swift in Sources */ = {isa = PBXBuildFile; fileRef = D422C567216F705900BEBB33 /* LoftUITests.swift */; };
/* End PBXBuildFile section */

/* Begin PBXContainerItemProxy section */
		D422C559216F705900BEBB33 /* PBXContainerItemProxy */ = {
			isa = PBXContainerItemProxy;
			containerPortal = D422C53C216F705700BEBB33 /* Project object */;
			proxyType = 1;
			remoteGlobalIDString = D422C543216F705700BEBB33;
			remoteInfo = Loft;
		};
		D422C564216F705900BEBB33 /* PBXContainerItemProxy */ = {
			isa = PBXContainerItemProxy;
			containerPortal = D422C53C216F705700BEBB33 /* Project object */;
			proxyType = 1;
			remoteGlobalIDString = D422C543216F705700BEBB33;
			remoteInfo = Loft;
		};
/* End PBXContainerItemProxy section */

/* Begin PBXFileReference section */
		23DA2CF7569DA08AF6039FA9 /* Pods_Loft.framework */ = {isa = PBXFileReference; explicitFileType = wrapper.framework; includeInIndex = 0; path = Pods_Loft.framework; sourceTree = BUILT_PRODUCTS_DIR; };
		60CF2A4AE8ADAFE246DF6A1A /* Pods-Loft.release.xcconfig */ = {isa = PBXFileReference; includeInIndex = 1; lastKnownFileType = text.xcconfig; name = "Pods-Loft.release.xcconfig"; path = "Pods/Target Support Files/Pods-Loft/Pods-Loft.release.xcconfig"; sourceTree = "<group>"; };
		6191A9FC15969B5739A91994 /* Pods-Loft.debug.xcconfig */ = {isa = PBXFileReference; includeInIndex = 1; lastKnownFileType = text.xcconfig; name = "Pods-Loft.debug.xcconfig"; path = "Pods/Target Support Files/Pods-Loft/Pods-Loft.debug.xcconfig"; sourceTree = "<group>"; };
		D422C544216F705700BEBB33 /* Loft.app */ = {isa = PBXFileReference; explicitFileType = wrapper.application; includeInIndex = 0; path = Loft.app; sourceTree = BUILT_PRODUCTS_DIR; };
		D422C547216F705700BEBB33 /* AppDelegate.swift */ = {isa = PBXFileReference; lastKnownFileType = sourcecode.swift; path = AppDelegate.swift; sourceTree = "<group>"; };
		D422C549216F705700BEBB33 /* ViewController.swift */ = {isa = PBXFileReference; lastKnownFileType = sourcecode.swift; path = ViewController.swift; sourceTree = "<group>"; };
		D422C54C216F705700BEBB33 /* Base */ = {isa = PBXFileReference; lastKnownFileType = file.storyboard; name = Base; path = Base.lproj/Main.storyboard; sourceTree = "<group>"; };
		D422C54E216F705900BEBB33 /* Assets.xcassets */ = {isa = PBXFileReference; lastKnownFileType = folder.assetcatalog; path = Assets.xcassets; sourceTree = "<group>"; };
		D422C551216F705900BEBB33 /* Base */ = {isa = PBXFileReference; lastKnownFileType = file.storyboard; name = Base; path = Base.lproj/LaunchScreen.storyboard; sourceTree = "<group>"; };
		D422C553216F705900BEBB33 /* Info.plist */ = {isa = PBXFileReference; lastKnownFileType = text.plist.xml; path = Info.plist; sourceTree = "<group>"; };
		D422C558216F705900BEBB33 /* LoftTests.xctest */ = {isa = PBXFileReference; explicitFileType = wrapper.cfbundle; includeInIndex = 0; path = LoftTests.xctest; sourceTree = BUILT_PRODUCTS_DIR; };
		D422C55C216F705900BEBB33 /* LoftTests.swift */ = {isa = PBXFileReference; lastKnownFileType = sourcecode.swift; path = LoftTests.swift; sourceTree = "<group>"; };
		D422C55E216F705900BEBB33 /* Info.plist */ = {isa = PBXFileReference; lastKnownFileType = text.plist.xml; path = Info.plist; sourceTree = "<group>"; };
		D422C563216F705900BEBB33 /* LoftUITests.xctest */ = {isa = PBXFileReference; explicitFileType = wrapper.cfbundle; includeInIndex = 0; path = LoftUITests.xctest; sourceTree = BUILT_PRODUCTS_DIR; };
		D422C567216F705900BEBB33 /* LoftUITests.swift */ = {isa = PBXFileReference; lastKnownFileType = sourcecode.swift; path = LoftUITests.swift; sourceTree = "<group>"; };
		D422C569216F705900BEBB33 /* Info.plist */ = {isa = PBXFileReference; lastKnownFileType = text.plist.xml; path = Info.plist; sourceTree = "<group>"; };
/* End PBXFileReference section */

/* Begin PBXFrameworksBuildPhase section */
		D422C541216F705700BEBB33 /* Frameworks */ = {
			isa = PBXFrameworksBuildPhase;
			buildActionMask = 2147483647;
			files = (
				C2FCC287EACF7B896CFB4A84 /* Pods_Loft.framework in Frameworks */,
			);
			runOnlyForDeploymentPostprocessing = 0;
		};
		D422C555216F705900BEBB33 /* Frameworks */ = {
			isa = PBXFrameworksBuildPhase;
			buildActionMask = 2147483647;
			files = (
			);
			runOnlyForDeploymentPostprocessing = 0;
		};
		D422C560216F705900BEBB33 /* Frameworks */ = {
			isa = PBXFrameworksBuildPhase;
			buildActionMask = 2147483647;
			files = (
			);
			runOnlyForDeploymentPostprocessing = 0;
		};
/* End PBXFrameworksBuildPhase section */

/* Begin PBXGroup section */
		3070ABBA68631283AAA13BC1 /* Pods */ = {
			isa = PBXGroup;
			children = (
				6191A9FC15969B5739A91994 /* Pods-Loft.debug.xcconfig */,
				60CF2A4AE8ADAFE246DF6A1A /* Pods-Loft.release.xcconfig */,
			);
			name = Pods;
			sourceTree = "<group>";
		};
		374716FB89320EFDA8D44487 /* Frameworks */ = {
			isa = PBXGroup;
			children = (
				23DA2CF7569DA08AF6039FA9 /* Pods_Loft.framework */,
			);
			name = Frameworks;
			sourceTree = "<group>";
		};
		D422C53B216F705700BEBB33 = {
			isa = PBXGroup;
			children = (
				D422C546216F705700BEBB33 /* Loft */,
				D422C55B216F705900BEBB33 /* LoftTests */,
				D422C566216F705900BEBB33 /* LoftUITests */,
				D422C545216F705700BEBB33 /* Products */,
				3070ABBA68631283AAA13BC1 /* Pods */,
				374716FB89320EFDA8D44487 /* Frameworks */,
			);
			sourceTree = "<group>";
		};
		D422C545216F705700BEBB33 /* Products */ = {
			isa = PBXGroup;
			children = (
				D422C544216F705700BEBB33 /* Loft.app */,
				D422C558216F705900BEBB33 /* LoftTests.xctest */,
				D422C563216F705900BEBB33 /* LoftUITests.xctest */,
			);
			name = Products;
			sourceTree = "<group>";
		};
		D422C546216F705700BEBB33 /* Loft */ = {
			isa = PBXGroup;
			children = (
				D422C547216F705700BEBB33 /* AppDelegate.swift */,
				D422C549216F705700BEBB33 /* ViewController.swift */,
				D422C54B216F705700BEBB33 /* Main.storyboard */,
				D422C54E216F705900BEBB33 /* Assets.xcassets */,
				D422C550216F705900BEBB33 /* LaunchScreen.storyboard */,
				D422C553216F705900BEBB33 /* Info.plist */,
			);
			path = Loft;
			sourceTree = "<group>";
		};
		D422C55B216F705900BEBB33 /* LoftTests */ = {
			isa = PBXGroup;
			children = (
				D422C55C216F705900BEBB33 /* LoftTests.swift */,
				D422C55E216F705900BEBB33 /* Info.plist */,
			);
			path = LoftTests;
			sourceTree = "<group>";
		};
		D422C566216F705900BEBB33 /* LoftUITests */ = {
			isa = PBXGroup;
			children = (
				D422C567216F705900BEBB33 /* LoftUITests.swift */,
				D422C569216F705900BEBB33 /* Info.plist */,
			);
			path = LoftUITests;
			sourceTree = "<group>";
		};
/* End PBXGroup section */

/* Begin PBXNativeTarget section */
		D422C543216F705700BEBB33 /* Loft */ = {
			isa = PBXNativeTarget;
			buildConfigurationList = D422C56C216F705900BEBB33 /* Build configuration list for PBXNativeTarget "Loft" */;
			buildPhases = (
				59505A5F9FA502F6C655F8CC /* [CP] Check Pods Manifest.lock */,
				D422C540216F705700BEBB33 /* Sources */,
				D422C541216F705700BEBB33 /* Frameworks */,
				D422C542216F705700BEBB33 /* Resources */,
				CD38645A1835A4E93D717B6C /* [CP] Embed Pods Frameworks */,
			);
			buildRules = (
			);
			dependencies = (
			);
			name = Loft;
			productName = Loft;
			productReference = D422C544216F705700BEBB33 /* Loft.app */;
			productType = "com.apple.product-type.application";
		};
		D422C557216F705900BEBB33 /* LoftTests */ = {
			isa = PBXNativeTarget;
			buildConfigurationList = D422C56F216F705900BEBB33 /* Build configuration list for PBXNativeTarget "LoftTests" */;
			buildPhases = (
				D422C554216F705900BEBB33 /* Sources */,
				D422C555216F705900BEBB33 /* Frameworks */,
				D422C556216F705900BEBB33 /* Resources */,
			);
			buildRules = (
			);
			dependencies = (
				D422C55A216F705900BEBB33 /* PBXTargetDependency */,
			);
			name = LoftTests;
			productName = LoftTests;
			productReference = D422C558216F705900BEBB33 /* LoftTests.xctest */;
			productType = "com.apple.product-type.bundle.unit-test";
		};
		D422C562216F705900BEBB33 /* LoftUITests */ = {
			isa = PBXNativeTarget;
			buildConfigurationList = D422C572216F705900BEBB33 /* Build configuration list for PBXNativeTarget "LoftUITests" */;
			buildPhases = (
				D422C55F216F705900BEBB33 /* Sources */,
				D422C560216F705900BEBB33 /* Frameworks */,
				D422C561216F705900BEBB33 /* Resources */,
			);
			buildRules = (
			);
			dependencies = (
				D422C565216F705900BEBB33 /* PBXTargetDependency */,
			);
			name = LoftUITests;
			productName = LoftUITests;
			productReference = D422C563216F705900BEBB33 /* LoftUITests.xctest */;
			productType = "com.apple.product-type.bundle.ui-testing";
		};
/* End PBXNativeTarget section */

/* Begin PBXProject section */
		D422C53C216F705700BEBB33 /* Project object */ = {
			isa = PBXProject;
			attributes = {
				LastSwiftUpdateCheck = 1000;
				LastUpgradeCheck = 1000;
				ORGANIZATIONNAME = "Louis Tsai";
				TargetAttributes = {
					D422C543216F705700BEBB33 = {
						CreatedOnToolsVersion = 10.0;
					};
					D422C557216F705900BEBB33 = {
						CreatedOnToolsVersion = 10.0;
						TestTargetID = D422C543216F705700BEBB33;
					};
					D422C562216F705900BEBB33 = {
						CreatedOnToolsVersion = 10.0;
						TestTargetID = D422C543216F705700BEBB33;
					};
				};
			};
			buildConfigurationList = D422C53F216F705700BEBB33 /* Build configuration list for PBXProject "Loft" */;
			compatibilityVersion = "Xcode 9.3";
			developmentRegion = en;
			hasScannedForEncodings = 0;
			knownRegions = (
				en,
				Base,
			);
			mainGroup = D422C53B216F705700BEBB33;
			productRefGroup = D422C545216F705700BEBB33 /* Products */;
			projectDirPath = "";
			projectRoot = "";
			targets = (
				D422C543216F705700BEBB33 /* Loft */,
				D422C557216F705900BEBB33 /* LoftTests */,
				D422C562216F705900BEBB33 /* LoftUITests */,
			);
		};
/* End PBXProject section */

/* Begin PBXResourcesBuildPhase section */
		D422C542216F705700BEBB33 /* Resources */ = {
			isa = PBXResourcesBuildPhase;
			buildActionMask = 2147483647;
			files = (
				D422C552216F705900BEBB33 /* LaunchScreen.storyboard in Resources */,
				D422C54F216F705900BEBB33 /* Assets.xcassets in Resources */,
				D422C54D216F705700BEBB33 /* Main.storyboard in Resources */,
			);
			runOnlyForDeploymentPostprocessing = 0;
		};
		D422C556216F705900BEBB33 /* Resources */ = {
			isa = PBXResourcesBuildPhase;
			buildActionMask = 2147483647;
			files = (
			);
			runOnlyForDeploymentPostprocessing = 0;
		};
		D422C561216F705900BEBB33 /* Resources */ = {
			isa = PBXResourcesBuildPhase;
			buildActionMask = 2147483647;
			files = (
			);
			runOnlyForDeploymentPostprocessing = 0;
		};
/* End PBXResourcesBuildPhase section */

/* Begin PBXShellScriptBuildPhase section */
		59505A5F9FA502F6C655F8CC /* [CP] Check Pods Manifest.lock */ = {
			isa = PBXShellScriptBuildPhase;
			buildActionMask = 2147483647;
			files = (
			);
			inputFileListPaths = (
			);
			inputPaths = (
				"${PODS_PODFILE_DIR_PATH}/Podfile.lock",
				"${PODS_ROOT}/Manifest.lock",
			);
			name = "[CP] Check Pods Manifest.lock";
			outputFileListPaths = (
			);
			outputPaths = (
				"$(DERIVED_FILE_DIR)/Pods-Loft-checkManifestLockResult.txt",
			);
			runOnlyForDeploymentPostprocessing = 0;
			shellPath = /bin/sh;
			shellScript = "diff \"${PODS_PODFILE_DIR_PATH}/Podfile.lock\" \"${PODS_ROOT}/Manifest.lock\" > /dev/null\nif [ $? != 0 ] ; then\n    # print error to STDERR\n    echo \"error: The sandbox is not in sync with the Podfile.lock. Run 'pod install' or update your CocoaPods installation.\" >&2\n    exit 1\nfi\n# This output is used by Xcode 'outputs' to avoid re-running this script phase.\necho \"SUCCESS\" > \"${SCRIPT_OUTPUT_FILE_0}\"\n";
			showEnvVarsInLog = 0;
		};
		CD38645A1835A4E93D717B6C /* [CP] Embed Pods Frameworks */ = {
			isa = PBXShellScriptBuildPhase;
			buildActionMask = 2147483647;
			files = (
			);
			inputFileListPaths = (
			);
			inputPaths = (
				"${SRCROOT}/Pods/Target Support Files/Pods-Loft/Pods-Loft-frameworks.sh",
				"${BUILT_PRODUCTS_DIR}/Alamofire/Alamofire.framework",
			);
			name = "[CP] Embed Pods Frameworks";
			outputFileListPaths = (
			);
			outputPaths = (
				"${TARGET_BUILD_DIR}/${FRAMEWORKS_FOLDER_PATH}/Alamofire.framework",
			);
			runOnlyForDeploymentPostprocessing = 0;
			shellPath = /bin/sh;
			shellScript = "\"${SRCROOT}/Pods/Target Support Files/Pods-Loft/Pods-Loft-frameworks.sh\"\n";
			showEnvVarsInLog = 0;
		};
/* End PBXShellScriptBuildPhase section */

/* Begin PBXSourcesBuildPhase section */
		D422C540216F705700BEBB33 /* Sources */ = {
			isa = PBXSourcesBuildPhase;
			buildActionMask = 2147483647;
			files = (
				D422C54A216F705700BEBB33 /* ViewController.swift in Sources */,
				D422C548216F705700BEBB33 /* AppDelegate.swift in Sources */,
			);
			runOnlyForDeploymentPostprocessing = 0;
		};
		D422C554216F705900BEBB33 /* Sources */ = {
			isa = PBXSourcesBuildPhase;
			buildActionMask = 2147483647;
			files = (
				D422C55D216F705900BEBB33 /* LoftTests.swift in Sources */,
			);
			runOnlyForDeploymentPostprocessing = 0;
		};
		D422C55F216F705900BEBB33 /* Sources */ = {
			isa = PBXSourcesBuildPhase;
			buildActionMask = 2147483647;
			files = (
				D422C568216F705900BEBB33 /* LoftUITests.swift in Sources */,
			);
			runOnlyForDeploymentPostprocessing = 0;
		};
/* End PBXSourcesBuildPhase section */

/* Begin PBXTargetDependency section */
		D422C55A216F705900BEBB33 /* PBXTargetDependency */ = {
			isa = PBXTargetDependency;
			target = D422C543216F705700BEBB33 /* Loft */;
			targetProxy = D422C559216F705900BEBB33 /* PBXContainerItemProxy */;
		};
		D422C565216F705900BEBB33 /* PBXTargetDependency */ = {
			isa = PBXTargetDependency;
			target = D422C543216F705700BEBB33 /* Loft */;
			targetProxy = D422C564216F705900BEBB33 /* PBXContainerItemProxy */;
		};
/* End PBXTargetDependency section */

/* Begin PBXVariantGroup section */
		D422C54B216F705700BEBB33 /* Main.storyboard */ = {
			isa = PBXVariantGroup;
			children = (
				D422C54C216F705700BEBB33 /* Base */,
			);
			name = Main.storyboard;
			sourceTree = "<group>";
		};
		D422C550216F705900BEBB33 /* LaunchScreen.storyboard */ = {
			isa = PBXVariantGroup;
			children = (
				D422C551216F705900BEBB33 /* Base */,
			);
			name = LaunchScreen.storyboard;
			sourceTree = "<group>";
		};
/* End PBXVariantGroup section */

/* Begin XCBuildConfiguration section */
		D422C56A216F705900BEBB33 /* Debug */ = {
			isa = XCBuildConfiguration;
			buildSettings = {
				ALWAYS_SEARCH_USER_PATHS = NO;
				CLANG_ANALYZER_NONNULL = YES;
				CLANG_ANALYZER_NUMBER_OBJECT_CONVERSION = YES_AGGRESSIVE;
				CLANG_CXX_LANGUAGE_STANDARD = "gnu++14";
				CLANG_CXX_LIBRARY = "libc++";
				CLANG_ENABLE_MODULES = YES;
				CLANG_ENABLE_OBJC_ARC = YES;
				CLANG_ENABLE_OBJC_WEAK = YES;
				CLANG_WARN_BLOCK_CAPTURE_AUTORELEASING = YES;
				CLANG_WARN_BOOL_CONVERSION = YES;
				CLANG_WARN_COMMA = YES;
				CLANG_WARN_CONSTANT_CONVERSION = YES;
				CLANG_WARN_DEPRECATED_OBJC_IMPLEMENTATIONS = YES;
				CLANG_WARN_DIRECT_OBJC_ISA_USAGE = YES_ERROR;
				CLANG_WARN_DOCUMENTATION_COMMENTS = YES;
				CLANG_WARN_EMPTY_BODY = YES;
				CLANG_WARN_ENUM_CONVERSION = YES;
				CLANG_WARN_INFINITE_RECURSION = YES;
				CLANG_WARN_INT_CONVERSION = YES;
				CLANG_WARN_NON_LITERAL_NULL_CONVERSION = YES;
				CLANG_WARN_OBJC_IMPLICIT_RETAIN_SELF = YES;
				CLANG_WARN_OBJC_LITERAL_CONVERSION = YES;
				CLANG_WARN_OBJC_ROOT_CLASS = YES_ERROR;
				CLANG_WARN_RANGE_LOOP_ANALYSIS = YES;
				CLANG_WARN_STRICT_PROTOTYPES = YES;
				CLANG_WARN_SUSPICIOUS_MOVE = YES;
				CLANG_WARN_UNGUARDED_AVAILABILITY = YES_AGGRESSIVE;
				CLANG_WARN_UNREACHABLE_CODE = YES;
				CLANG_WARN__DUPLICATE_METHOD_MATCH = YES;
				CODE_SIGN_IDENTITY = "iPhone Developer";
				COPY_PHASE_STRIP = NO;
				DEBUG_INFORMATION_FORMAT = dwarf;
				ENABLE_STRICT_OBJC_MSGSEND = YES;
				ENABLE_TESTABILITY = YES;
				GCC_C_LANGUAGE_STANDARD = gnu11;
				GCC_DYNAMIC_NO_PIC = NO;
				GCC_NO_COMMON_BLOCKS = YES;
				GCC_OPTIMIZATION_LEVEL = 0;
				GCC_PREPROCESSOR_DEFINITIONS = (
					"DEBUG=1",
					"$(inherited)",
				);
				GCC_WARN_64_TO_32_BIT_CONVERSION = YES;
				GCC_WARN_ABOUT_RETURN_TYPE = YES_ERROR;
				GCC_WARN_UNDECLARED_SELECTOR = YES;
				GCC_WARN_UNINITIALIZED_AUTOS = YES_AGGRESSIVE;
				GCC_WARN_UNUSED_FUNCTION = YES;
				GCC_WARN_UNUSED_VARIABLE = YES;
				IPHONEOS_DEPLOYMENT_TARGET = 12.0;
				MTL_ENABLE_DEBUG_INFO = INCLUDE_SOURCE;
				MTL_FAST_MATH = YES;
				ONLY_ACTIVE_ARCH = YES;
				SDKROOT = iphoneos;
				SWIFT_ACTIVE_COMPILATION_CONDITIONS = DEBUG;
				SWIFT_OPTIMIZATION_LEVEL = "-Onone";
			};
			name = Debug;
		};
		D422C56B216F705900BEBB33 /* Release */ = {
			isa = XCBuildConfiguration;
			buildSettings = {
				ALWAYS_SEARCH_USER_PATHS = NO;
				CLANG_ANALYZER_NONNULL = YES;
				CLANG_ANALYZER_NUMBER_OBJECT_CONVERSION = YES_AGGRESSIVE;
				CLANG_CXX_LANGUAGE_STANDARD = "gnu++14";
				CLANG_CXX_LIBRARY = "libc++";
				CLANG_ENABLE_MODULES = YES;
				CLANG_ENABLE_OBJC_ARC = YES;
				CLANG_ENABLE_OBJC_WEAK = YES;
				CLANG_WARN_BLOCK_CAPTURE_AUTORELEASING = YES;
				CLANG_WARN_BOOL_CONVERSION = YES;
				CLANG_WARN_COMMA = YES;
				CLANG_WARN_CONSTANT_CONVERSION = YES;
				CLANG_WARN_DEPRECATED_OBJC_IMPLEMENTATIONS = YES;
				CLANG_WARN_DIRECT_OBJC_ISA_USAGE = YES_ERROR;
				CLANG_WARN_DOCUMENTATION_COMMENTS = YES;
				CLANG_WARN_EMPTY_BODY = YES;
				CLANG_WARN_ENUM_CONVERSION = YES;
				CLANG_WARN_INFINITE_RECURSION = YES;
				CLANG_WARN_INT_CONVERSION = YES;
				CLANG_WARN_NON_LITERAL_NULL_CONVERSION = YES;
				CLANG_WARN_OBJC_IMPLICIT_RETAIN_SELF = YES;
				CLANG_WARN_OBJC_LITERAL_CONVERSION = YES;
				CLANG_WARN_OBJC_ROOT_CLASS = YES_ERROR;
				CLANG_WARN_RANGE_LOOP_ANALYSIS = YES;
				CLANG_WARN_STRICT_PROTOTYPES = YES;
				CLANG_WARN_SUSPICIOUS_MOVE = YES;
				CLANG_WARN_UNGUARDED_AVAILABILITY = YES_AGGRESSIVE;
				CLANG_WARN_UNREACHABLE_CODE = YES;
				CLANG_WARN__DUPLICATE_METHOD_MATCH = YES;
				CODE_SIGN_IDENTITY = "iPhone Developer";
				COPY_PHASE_STRIP = NO;
				DEBUG_INFORMATION_FORMAT = "dwarf-with-dsym";
				ENABLE_NS_ASSERTIONS = NO;
				ENABLE_STRICT_OBJC_MSGSEND = YES;
				GCC_C_LANGUAGE_STANDARD = gnu11;
				GCC_NO_COMMON_BLOCKS = YES;
				GCC_WARN_64_TO_32_BIT_CONVERSION = YES;
				GCC_WARN_ABOUT_RETURN_TYPE = YES_ERROR;
				GCC_WARN_UNDECLARED_SELECTOR = YES;
				GCC_WARN_UNINITIALIZED_AUTOS = YES_AGGRESSIVE;
				GCC_WARN_UNUSED_FUNCTION = YES;
				GCC_WARN_UNUSED_VARIABLE = YES;
				IPHONEOS_DEPLOYMENT_TARGET = 12.0;
				MTL_ENABLE_DEBUG_INFO = NO;
				MTL_FAST_MATH = YES;
				SDKROOT = iphoneos;
				SWIFT_COMPILATION_MODE = wholemodule;
				SWIFT_OPTIMIZATION_LEVEL = "-O";
				VALIDATE_PRODUCT = YES;
			};
			name = Release;
		};
		D422C56D216F705900BEBB33 /* Debug */ = {
			isa = XCBuildConfiguration;
			baseConfigurationReference = 6191A9FC15969B5739A91994 /* Pods-Loft.debug.xcconfig */;
			buildSettings = {
				ASSETCATALOG_COMPILER_APPICON_NAME = AppIcon;
				CODE_SIGN_STYLE = Automatic;
				DEVELOPMENT_TEAM = F4TL4LM96Q;
				INFOPLIST_FILE = Loft/Info.plist;
				LD_RUNPATH_SEARCH_PATHS = (
					"$(inherited)",
					"@executable_path/Frameworks",
				);
				PRODUCT_BUNDLE_IDENTIFIER = io.github.louistsaitszho.Loft;
				PRODUCT_NAME = "$(TARGET_NAME)";
				SWIFT_VERSION = 4.2;
				TARGETED_DEVICE_FAMILY = "1,2";
			};
			name = Debug;
		};
		D422C56E216F705900BEBB33 /* Release */ = {
			isa = XCBuildConfiguration;
			baseConfigurationReference = 60CF2A4AE8ADAFE246DF6A1A /* Pods-Loft.release.xcconfig */;
			buildSettings = {
				ASSETCATALOG_COMPILER_APPICON_NAME = AppIcon;
				CODE_SIGN_STYLE = Automatic;
				DEVELOPMENT_TEAM = F4TL4LM96Q;
				INFOPLIST_FILE = Loft/Info.plist;
				LD_RUNPATH_SEARCH_PATHS = (
					"$(inherited)",
					"@executable_path/Frameworks",
				);
				PRODUCT_BUNDLE_IDENTIFIER = io.github.louistsaitszho.Loft;
				PRODUCT_NAME = "$(TARGET_NAME)";
				SWIFT_VERSION = 4.2;
				TARGETED_DEVICE_FAMILY = "1,2";
			};
			name = Release;
		};
		D422C570216F705900BEBB33 /* Debug */ = {
			isa = XCBuildConfiguration;
			buildSettings = {
				ALWAYS_EMBED_SWIFT_STANDARD_LIBRARIES = YES;
				BUNDLE_LOADER = "$(TEST_HOST)";
				CODE_SIGN_STYLE = Automatic;
				INFOPLIST_FILE = LoftTests/Info.plist;
				LD_RUNPATH_SEARCH_PATHS = (
					"$(inherited)",
					"@executable_path/Frameworks",
					"@loader_path/Frameworks",
				);
				PRODUCT_BUNDLE_IDENTIFIER = io.github.louistsaitszho.LoftTests;
				PRODUCT_NAME = "$(TARGET_NAME)";
				SWIFT_VERSION = 4.2;
				TARGETED_DEVICE_FAMILY = "1,2";
				TEST_HOST = "$(BUILT_PRODUCTS_DIR)/Loft.app/Loft";
			};
			name = Debug;
		};
		D422C571216F705900BEBB33 /* Release */ = {
			isa = XCBuildConfiguration;
			buildSettings = {
				ALWAYS_EMBED_SWIFT_STANDARD_LIBRARIES = YES;
				BUNDLE_LOADER = "$(TEST_HOST)";
				CODE_SIGN_STYLE = Automatic;
				INFOPLIST_FILE = LoftTests/Info.plist;
				LD_RUNPATH_SEARCH_PATHS = (
					"$(inherited)",
					"@executable_path/Frameworks",
					"@loader_path/Frameworks",
				);
				PRODUCT_BUNDLE_IDENTIFIER = io.github.louistsaitszho.LoftTests;
				PRODUCT_NAME = "$(TARGET_NAME)";
				SWIFT_VERSION = 4.2;
				TARGETED_DEVICE_FAMILY = "1,2";
				TEST_HOST = "$(BUILT_PRODUCTS_DIR)/Loft.app/Loft";
			};
			name = Release;
		};
		D422C573216F705900BEBB33 /* Debug */ = {
			isa = XCBuildConfiguration;
			buildSettings = {
				ALWAYS_EMBED_SWIFT_STANDARD_LIBRARIES = YES;
				CODE_SIGN_STYLE = Automatic;
				INFOPLIST_FILE = LoftUITests/Info.plist;
				LD_RUNPATH_SEARCH_PATHS = (
					"$(inherited)",
					"@executable_path/Frameworks",
					"@loader_path/Frameworks",
				);
				PRODUCT_BUNDLE_IDENTIFIER = io.github.louistsaitszho.LoftUITests;
				PRODUCT_NAME = "$(TARGET_NAME)";
				SWIFT_VERSION = 4.2;
				TARGETED_DEVICE_FAMILY = "1,2";
				TEST_TARGET_NAME = Loft;
			};
			name = Debug;
		};
		D422C574216F705900BEBB33 /* Release */ = {
			isa = XCBuildConfiguration;
			buildSettings = {
				ALWAYS_EMBED_SWIFT_STANDARD_LIBRARIES = YES;
				CODE_SIGN_STYLE = Automatic;
				INFOPLIST_FILE = LoftUITests/Info.plist;
				LD_RUNPATH_SEARCH_PATHS = (
					"$(inherited)",
					"@executable_path/Frameworks",
					"@loader_path/Frameworks",
				);
				PRODUCT_BUNDLE_IDENTIFIER = io.github.louistsaitszho.LoftUITests;
				PRODUCT_NAME = "$(TARGET_NAME)";
				SWIFT_VERSION = 4.2;
				TARGETED_DEVICE_FAMILY = "1,2";
				TEST_TARGET_NAME = Loft;
			};
			name = Release;
		};
/* End XCBuildConfiguration section */

/* Begin XCConfigurationList section */
		D422C53F216F705700BEBB33 /* Build configuration list for PBXProject "Loft" */ = {
			isa = XCConfigurationList;
			buildConfigurations = (
				D422C56A216F705900BEBB33 /* Debug */,
				D422C56B216F705900BEBB33 /* Release */,
			);
			defaultConfigurationIsVisible = 0;
			defaultConfigurationName = Release;
		};
		D422C56C216F705900BEBB33 /* Build configuration list for PBXNativeTarget "Loft" */ = {
			isa = XCConfigurationList;
			buildConfigurations = (
				D422C56D216F705900BEBB33 /* Debug */,
				D422C56E216F705900BEBB33 /* Release */,
			);
			defaultConfigurationIsVisible = 0;
			defaultConfigurationName = Release;
		};
		D422C56F216F705900BEBB33 /* Build configuration list for PBXNativeTarget "LoftTests" */ = {
			isa = XCConfigurationList;
			buildConfigurations = (
				D422C570216F705900BEBB33 /* Debug */,
				D422C571216F705900BEBB33 /* Release */,
			);
			defaultConfigurationIsVisible = 0;
			defaultConfigurationName = Release;
		};
		D422C572216F705900BEBB33 /* Build configuration list for PBXNativeTarget "LoftUITests" */ = {
			isa = XCConfigurationList;
			buildConfigurations = (
				D422C573216F705900BEBB33 /* Debug */,
				D422C574216F705900BEBB33 /* Release */,
			);
			defaultConfigurationIsVisible = 0;
			defaultConfigurationName = Release;
		};
/* End XCConfigurationList section */
	};
	rootObject = D422C53C216F705700BEBB33 /* Project object */;
}
